
Microsoft Visual Studio Solution File, Format Version 12.00
# Visual Studio Version 17
VisualStudioVersion = 17.3.32929.385
MinimumVisualStudioVersion = 10.0.40219.1
Project("{E24C65DC-7377-472B-9ABA-BC803B73C61A}") = "cafesi.hgrid.co.kr", ".", "{DEDAEB8F-1E8E-42A0-A05D-E60549B16006}"
	ProjectSection(WebsiteProperties) = preProject
		SccProjectName = ""
		SccAuxPath = ""
		SccLocalPath = ""
		SccProvider = ""
		TargetFrameworkMoniker = ".NETFramework,Version%3Dv4.8"
		Debug.AspNetCompiler.VirtualPath = "/localhost_53741"
		Debug.AspNetCompiler.PhysicalPath = "..\cafesi.hgrid.co.kr\"
		Debug.AspNetCompiler.TargetPath = "PrecompiledWeb\localhost_53741\"
		Debug.AspNetCompiler.Updateable = "true"
		Debug.AspNetCompiler.ForceOverwrite = "true"
		Debug.AspNetCompiler.FixedNames = "false"
		Debug.AspNetCompiler.Debug = "True"
		Release.AspNetCompiler.VirtualPath = "/localhost_53741"
		Release.AspNetCompiler.PhysicalPath = "..\cafesi.hgrid.co.kr\"
		Release.AspNetCompiler.TargetPath = "PrecompiledWeb\localhost_53741\"
		Release.AspNetCompiler.Updateable = "true"
		Release.AspNetCompiler.ForceOverwrite = "true"
		Release.AspNetCompiler.FixedNames = "false"
		Release.AspNetCompiler.Debug = "False"
		VWDPort = "13741"
		SlnRelativePath = "..\cafesi.hgrid.co.kr\"
	EndProjectSection
EndProject
Global
	GlobalSection(SolutionConfigurationPlatforms) = preSolution
		Debug|Any CPU = Debug|Any CPU
	EndGlobalSection
	GlobalSection(ProjectConfigurationPlatforms) = postSolution
		{DEDAEB8F-1E8E-42A0-A05D-E60549B16006}.Debug|Any CPU.ActiveCfg = Debug|Any CPU
		{DEDAEB8F-1E8E-42A0-A05D-E60549B16006}.Debug|Any CPU.Build.0 = Debug|Any CPU
	EndGlobalSection
	GlobalSection(SolutionProperties) = preSolution
		HideSolutionNode = FALSE
	EndGlobalSection
	GlobalSection(ExtensibilityGlobals) = postSolution
		SolutionGuid = {8A96ABD6-6726-4853-8751-1CBFBC4E0C2D}
	EndGlobalSection
EndGlobal
